
Microsoft Visual Studio Solution File, Format Version 11.00
# Visual Studio 2010
Project("{FAE04EC0-301F-11D3-BF4B-00C04F79EFBC}") = "FlagConsole", "FlagConsole\FlagConsole.csproj", "{E9A18E35-68E2-4E26-8D41-4D19CA2A6914}"
EndProject
Project("{FAE04EC0-301F-11D3-BF4B-00C04F79EFBC}") = "FlagConsole.Demo", "FlagConsole.Demo\FlagConsole.Demo.csproj", "{BAF3775F-111A-4A3A-BE0F-662603F8D43F}"
EndProject
Project("{FAE04EC0-301F-11D3-BF4B-00C04F79EFBC}") = "FlagConsole.UnitTests", "FlagConsole.UnitTests\FlagConsole.UnitTests.csproj", "{166C1FC7-3576-4C88-9D6D-8EE1DC9C3B95}"
EndProject
Project("{2150E333-8FDC-42A3-9474-1A3956D46DE8}") = "Solution Items", "Solution Items", "{93B4F384-973F-44BA-8E96-CF1A9FCE6F6E}"
	ProjectSection(SolutionItems) = preProject
		Changelog.txt = Changelog.txt
		FlagConsole.vsmdi = FlagConsole.vsmdi
		Local.testsettings = Local.testsettings
		TraceAndTestImpact.testsettings = TraceAndTestImpact.testsettings
	EndProjectSection
EndProject
Global
	GlobalSection(TestCaseManagementSettings) = postSolution
		CategoryFile = FlagConsole.vsmdi
	EndGlobalSection
	GlobalSection(SolutionConfigurationPlatforms) = preSolution
		Debug|Any CPU = Debug|Any CPU
		Debug|Mixed Platforms = Debug|Mixed Platforms
		Debug|x86 = Debug|x86
		Release|Any CPU = Release|Any CPU
		Release|Mixed Platforms = Release|Mixed Platforms
		Release|x86 = Release|x86
	EndGlobalSection
	GlobalSection(ProjectConfigurationPlatforms) = postSolution
		{E9A18E35-68E2-4E26-8D41-4D19CA2A6914}.Debug|Any CPU.ActiveCfg = Debug|Any CPU
		{E9A18E35-68E2-4E26-8D41-4D19CA2A6914}.Debug|Any CPU.Build.0 = Debug|Any CPU
		{E9A18E35-68E2-4E26-8D41-4D19CA2A6914}.Debug|Mixed Platforms.ActiveCfg = Debug|Any CPU
		{E9A18E35-68E2-4E26-8D41-4D19CA2A6914}.Debug|Mixed Platforms.Build.0 = Debug|Any CPU
		{E9A18E35-68E2-4E26-8D41-4D19CA2A6914}.Debug|x86.ActiveCfg = Debug|Any CPU
		{E9A18E35-68E2-4E26-8D41-4D19CA2A6914}.Release|Any CPU.ActiveCfg = Release|Any CPU
		{E9A18E35-68E2-4E26-8D41-4D19CA2A6914}.Release|Any CPU.Build.0 = Release|Any CPU
		{E9A18E35-68E2-4E26-8D41-4D19CA2A6914}.Release|Mixed Platforms.ActiveCfg = Release|Any CPU
		{E9A18E35-68E2-4E26-8D41-4D19CA2A6914}.Release|Mixed Platforms.Build.0 = Release|Any CPU
		{E9A18E35-68E2-4E26-8D41-4D19CA2A6914}.Release|x86.ActiveCfg = Release|Any CPU
		{BAF3775F-111A-4A3A-BE0F-662603F8D43F}.Debug|Any CPU.ActiveCfg = Debug|x86
		{BAF3775F-111A-4A3A-BE0F-662603F8D43F}.Debug|Mixed Platforms.ActiveCfg = Debug|x86
		{BAF3775F-111A-4A3A-BE0F-662603F8D43F}.Debug|Mixed Platforms.Build.0 = Debug|x86
		{BAF3775F-111A-4A3A-BE0F-662603F8D43F}.Debug|x86.ActiveCfg = Debug|x86
		{BAF3775F-111A-4A3A-BE0F-662603F8D43F}.Debug|x86.Build.0 = Debug|x86
		{BAF3775F-111A-4A3A-BE0F-662603F8D43F}.Release|Any CPU.ActiveCfg = Release|x86
		{BAF3775F-111A-4A3A-BE0F-662603F8D43F}.Release|Mixed Platforms.ActiveCfg = Release|x86
		{BAF3775F-111A-4A3A-BE0F-662603F8D43F}.Release|Mixed Platforms.Build.0 = Release|x86
		{BAF3775F-111A-4A3A-BE0F-662603F8D43F}.Release|x86.ActiveCfg = Release|x86
		{BAF3775F-111A-4A3A-BE0F-662603F8D43F}.Release|x86.Build.0 = Release|x86
		{166C1FC7-3576-4C88-9D6D-8EE1DC9C3B95}.Debug|Any CPU.ActiveCfg = Debug|Any CPU
		{166C1FC7-3576-4C88-9D6D-8EE1DC9C3B95}.Debug|Any CPU.Build.0 = Debug|Any CPU
		{166C1FC7-3576-4C88-9D6D-8EE1DC9C3B95}.Debug|Mixed Platforms.ActiveCfg = Debug|Any CPU
		{166C1FC7-3576-4C88-9D6D-8EE1DC9C3B95}.Debug|Mixed Platforms.Build.0 = Debug|Any CPU
		{166C1FC7-3576-4C88-9D6D-8EE1DC9C3B95}.Debug|x86.ActiveCfg = Debug|Any CPU
		{166C1FC7-3576-4C88-9D6D-8EE1DC9C3B95}.Release|Any CPU.ActiveCfg = Release|Any CPU
		{166C1FC7-3576-4C88-9D6D-8EE1DC9C3B95}.Release|Any CPU.Build.0 = Release|Any CPU
		{166C1FC7-3576-4C88-9D6D-8EE1DC9C3B95}.Release|Mixed Platforms.ActiveCfg = Release|Any CPU
		{166C1FC7-3576-4C88-9D6D-8EE1DC9C3B95}.Release|Mixed Platforms.Build.0 = Release|Any CPU
		{166C1FC7-3576-4C88-9D6D-8EE1DC9C3B95}.Release|x86.ActiveCfg = Release|Any CPU
	EndGlobalSection
	GlobalSection(SolutionProperties) = preSolution
		HideSolutionNode = FALSE
	EndGlobalSection
EndGlobal
